
Microsoft Visual Studio Solution File, Format Version 12.00
# Visual Studio 2013
VisualStudioVersion = 12.0.31101.0
MinimumVisualStudioVersion = 10.0.40219.1
Project("{2150E333-8FDC-42A3-9474-1A3956D46DE8}") = ".nuget", ".nuget", "{DD1DD4D1-C257-456A-8690-F3A735D74AC1}"
	ProjectSection(SolutionItems) = preProject
		TechTalk.JiraRestClient.nuspec = TechTalk.JiraRestClient.nuspec
	EndProjectSection
EndProject
Project("{FAE04EC0-301F-11D3-BF4B-00C04F79EFBC}") = "TechTalk.JiraRestClient", "TechTalk.JiraRestClient\TechTalk.JiraRestClient.csproj", "{210529FA-454E-4C32-A2C8-353ECBD4DA05}"
EndProject
Global
	GlobalSection(SolutionConfigurationPlatforms) = preSolution
		Debug|Any CPU = Debug|Any CPU
		Release|Any CPU = Release|Any CPU
	EndGlobalSection
	GlobalSection(ProjectConfigurationPlatforms) = postSolution
		{210529FA-454E-4C32-A2C8-353ECBD4DA05}.Debug|Any CPU.ActiveCfg = Debug|Any CPU
		{210529FA-454E-4C32-A2C8-353ECBD4DA05}.Debug|Any CPU.Build.0 = Debug|Any CPU
		{210529FA-454E-4C32-A2C8-353ECBD4DA05}.Release|Any CPU.ActiveCfg = Release|Any CPU
		{210529FA-454E-4C32-A2C8-353ECBD4DA05}.Release|Any CPU.Build.0 = Release|Any CPU
	EndGlobalSection
	GlobalSection(SolutionProperties) = preSolution
		HideSolutionNode = FALSE
	EndGlobalSection
EndGlobal
