
Microsoft Visual Studio Solution File, Format Version 12.00
# Visual Studio 2012
Project("{FAE04EC0-301F-11D3-BF4B-00C04F79EFBC}") = "JiraRestClient.MonoDroid", "..\..\targets\JiraRestClient.MonoDroid\JiraRestClient.MonoDroid.csproj", "{413C9F74-7690-41A8-AA1F-B91FE5BE8EDE}"
EndProject
Project("{D954291E-2A0B-460D-934E-DC6B0785DB48}") = "TechTalk.JiraRestClient.Shared", "..\..\TechTalk.JiraRestClient\TechTalk.JiraRestClient.Shared.shproj", "{4EEA9184-F9FA-4B20-80E1-CAD6A764D12E}"
EndProject
Global
	GlobalSection(SolutionConfigurationPlatforms) = preSolution
		Debug|Any CPU = Debug|Any CPU
		Release|Any CPU = Release|Any CPU
	EndGlobalSection
	GlobalSection(ProjectConfigurationPlatforms) = postSolution
		{413C9F74-7690-41A8-AA1F-B91FE5BE8EDE}.Debug|Any CPU.ActiveCfg = Debug|Any CPU
		{413C9F74-7690-41A8-AA1F-B91FE5BE8EDE}.Debug|Any CPU.Build.0 = Debug|Any CPU
		{413C9F74-7690-41A8-AA1F-B91FE5BE8EDE}.Release|Any CPU.ActiveCfg = Release|Any CPU
		{413C9F74-7690-41A8-AA1F-B91FE5BE8EDE}.Release|Any CPU.Build.0 = Release|Any CPU
	EndGlobalSection
EndGlobal
